// !$*UTF8*$!
{
	archiveVersion = 1;
	classes = {
	};
	objectVersion = 50;
	objects = {

/* Begin PBXBuildFile section */
		941F46192421473200BCA53C /* AddTaskController.swift in Sources */ = {isa = PBXBuildFile; fileRef = 941F46182421473200BCA53C /* AddTaskController.swift */; };
		946286F0241F5E9C000082CA /* Date+Extension.swift in Sources */ = {isa = PBXBuildFile; fileRef = 946286EF241F5E9C000082CA /* Date+Extension.swift */; };
		946286F4241F65E4000082CA /* CloudKitManager.swift in Sources */ = {isa = PBXBuildFile; fileRef = 946286F3241F65E4000082CA /* CloudKitManager.swift */; };
		94AE72E9241CE915007BFA26 /* AppDelegate.swift in Sources */ = {isa = PBXBuildFile; fileRef = 94AE72E8241CE915007BFA26 /* AppDelegate.swift */; };
		94AE72EB241CE915007BFA26 /* SceneDelegate.swift in Sources */ = {isa = PBXBuildFile; fileRef = 94AE72EA241CE915007BFA26 /* SceneDelegate.swift */; };
		94AE72ED241CE915007BFA26 /* ViewController.swift in Sources */ = {isa = PBXBuildFile; fileRef = 94AE72EC241CE915007BFA26 /* ViewController.swift */; };
		94AE72F3241CE915007BFA26 /* TodoList.xcdatamodeld in Sources */ = {isa = PBXBuildFile; fileRef = 94AE72F1241CE915007BFA26 /* TodoList.xcdatamodeld */; };
		94AE72F5241CE918007BFA26 /* Assets.xcassets in Resources */ = {isa = PBXBuildFile; fileRef = 94AE72F4241CE918007BFA26 /* Assets.xcassets */; };
		94AE72F8241CE918007BFA26 /* LaunchScreen.storyboard in Resources */ = {isa = PBXBuildFile; fileRef = 94AE72F6241CE918007BFA26 /* LaunchScreen.storyboard */; };
		94AE7302241CF035007BFA26 /* CloudKit.framework in Frameworks */ = {isa = PBXBuildFile; fileRef = 94AE7301241CF035007BFA26 /* CloudKit.framework */; };
		94AE7304241E8AB9007BFA26 /* TasksTableViewController.swift in Sources */ = {isa = PBXBuildFile; fileRef = 94AE7303241E8AB9007BFA26 /* TasksTableViewController.swift */; };
		94AE7306241E8BBE007BFA26 /* TaskCell.swift in Sources */ = {isa = PBXBuildFile; fileRef = 94AE7305241E8BBE007BFA26 /* TaskCell.swift */; };
/* End PBXBuildFile section */

/* Begin PBXFileReference section */
		941F46182421473200BCA53C /* AddTaskController.swift */ = {isa = PBXFileReference; lastKnownFileType = sourcecode.swift; path = AddTaskController.swift; sourceTree = "<group>"; };
		946286EF241F5E9C000082CA /* Date+Extension.swift */ = {isa = PBXFileReference; lastKnownFileType = sourcecode.swift; path = "Date+Extension.swift"; sourceTree = "<group>"; };
		946286F3241F65E4000082CA /* CloudKitManager.swift */ = {isa = PBXFileReference; lastKnownFileType = sourcecode.swift; path = CloudKitManager.swift; sourceTree = "<group>"; };
		94AE72E5241CE915007BFA26 /* TodoList.app */ = {isa = PBXFileReference; explicitFileType = wrapper.application; includeInIndex = 0; path = TodoList.app; sourceTree = BUILT_PRODUCTS_DIR; };
		94AE72E8241CE915007BFA26 /* AppDelegate.swift */ = {isa = PBXFileReference; lastKnownFileType = sourcecode.swift; path = AppDelegate.swift; sourceTree = "<group>"; };
		94AE72EA241CE915007BFA26 /* SceneDelegate.swift */ = {isa = PBXFileReference; lastKnownFileType = sourcecode.swift; path = SceneDelegate.swift; sourceTree = "<group>"; };
		94AE72EC241CE915007BFA26 /* ViewController.swift */ = {isa = PBXFileReference; lastKnownFileType = sourcecode.swift; path = ViewController.swift; sourceTree = "<group>"; };
		94AE72F2241CE915007BFA26 /* TodoList.xcdatamodel */ = {isa = PBXFileReference; lastKnownFileType = wrapper.xcdatamodel; path = TodoList.xcdatamodel; sourceTree = "<group>"; };
		94AE72F4241CE918007BFA26 /* Assets.xcassets */ = {isa = PBXFileReference; lastKnownFileType = folder.assetcatalog; path = Assets.xcassets; sourceTree = "<group>"; };
		94AE72F7241CE918007BFA26 /* Base */ = {isa = PBXFileReference; lastKnownFileType = file.storyboard; name = Base; path = Base.lproj/LaunchScreen.storyboard; sourceTree = "<group>"; };
		94AE72F9241CE918007BFA26 /* Info.plist */ = {isa = PBXFileReference; lastKnownFileType = text.plist.xml; path = Info.plist; sourceTree = "<group>"; };
		94AE72FF241CF021007BFA26 /* TodoList.entitlements */ = {isa = PBXFileReference; lastKnownFileType = text.plist.entitlements; path = TodoList.entitlements; sourceTree = "<group>"; };
		94AE7301241CF035007BFA26 /* CloudKit.framework */ = {isa = PBXFileReference; lastKnownFileType = wrapper.framework; name = CloudKit.framework; path = System/Library/Frameworks/CloudKit.framework; sourceTree = SDKROOT; };
		94AE7303241E8AB9007BFA26 /* TasksTableViewController.swift */ = {isa = PBXFileReference; lastKnownFileType = sourcecode.swift; path = TasksTableViewController.swift; sourceTree = "<group>"; };
		94AE7305241E8BBE007BFA26 /* TaskCell.swift */ = {isa = PBXFileReference; lastKnownFileType = sourcecode.swift; path = TaskCell.swift; sourceTree = "<group>"; };
/* End PBXFileReference section */

/* Begin PBXFrameworksBuildPhase section */
		94AE72E2241CE915007BFA26 /* Frameworks */ = {
			isa = PBXFrameworksBuildPhase;
			buildActionMask = 2147483647;
			files = (
				94AE7302241CF035007BFA26 /* CloudKit.framework in Frameworks */,
			);
			runOnlyForDeploymentPostprocessing = 0;
		};
/* End PBXFrameworksBuildPhase section */

/* Begin PBXGroup section */
		94AE72DC241CE915007BFA26 = {
			isa = PBXGroup;
			children = (
				94AE72E7241CE915007BFA26 /* TodoList */,
				94AE72E6241CE915007BFA26 /* Products */,
				94AE7300241CF035007BFA26 /* Frameworks */,
			);
			sourceTree = "<group>";
		};
		94AE72E6241CE915007BFA26 /* Products */ = {
			isa = PBXGroup;
			children = (
				94AE72E5241CE915007BFA26 /* TodoList.app */,
			);
			name = Products;
			sourceTree = "<group>";
		};
		94AE72E7241CE915007BFA26 /* TodoList */ = {
			isa = PBXGroup;
			children = (
				94AE72FF241CF021007BFA26 /* TodoList.entitlements */,
				94AE72E8241CE915007BFA26 /* AppDelegate.swift */,
				94AE72EA241CE915007BFA26 /* SceneDelegate.swift */,
				94AE72EC241CE915007BFA26 /* ViewController.swift */,
				94AE72F4241CE918007BFA26 /* Assets.xcassets */,
				94AE72F6241CE918007BFA26 /* LaunchScreen.storyboard */,
				94AE72F9241CE918007BFA26 /* Info.plist */,
				94AE72F1241CE915007BFA26 /* TodoList.xcdatamodeld */,
				94AE7303241E8AB9007BFA26 /* TasksTableViewController.swift */,
				94AE7305241E8BBE007BFA26 /* TaskCell.swift */,
				946286EF241F5E9C000082CA /* Date+Extension.swift */,
				946286F3241F65E4000082CA /* CloudKitManager.swift */,
				941F46182421473200BCA53C /* AddTaskController.swift */,
			);
			path = TodoList;
			sourceTree = "<group>";
		};
		94AE7300241CF035007BFA26 /* Frameworks */ = {
			isa = PBXGroup;
			children = (
				94AE7301241CF035007BFA26 /* CloudKit.framework */,
			);
			name = Frameworks;
			sourceTree = "<group>";
		};
/* End PBXGroup section */

/* Begin PBXNativeTarget section */
		94AE72E4241CE915007BFA26 /* TodoList */ = {
			isa = PBXNativeTarget;
			buildConfigurationList = 94AE72FC241CE918007BFA26 /* Build configuration list for PBXNativeTarget "TodoList" */;
			buildPhases = (
				94AE72E1241CE915007BFA26 /* Sources */,
				94AE72E2241CE915007BFA26 /* Frameworks */,
				94AE72E3241CE915007BFA26 /* Resources */,
			);
			buildRules = (
			);
			dependencies = (
			);
			name = TodoList;
			productName = TodoList;
			productReference = 94AE72E5241CE915007BFA26 /* TodoList.app */;
			productType = "com.apple.product-type.application";
		};
/* End PBXNativeTarget section */

/* Begin PBXProject section */
		94AE72DD241CE915007BFA26 /* Project object */ = {
			isa = PBXProject;
			attributes = {
				LastSwiftUpdateCheck = 1130;
				LastUpgradeCheck = 1130;
				ORGANIZATIONNAME = ImTech;
				TargetAttributes = {
					94AE72E4241CE915007BFA26 = {
						CreatedOnToolsVersion = 11.3.1;
					};
				};
			};
			buildConfigurationList = 94AE72E0241CE915007BFA26 /* Build configuration list for PBXProject "TodoList" */;
			compatibilityVersion = "Xcode 9.3";
			developmentRegion = en;
			hasScannedForEncodings = 0;
			knownRegions = (
				en,
				Base,
			);
			mainGroup = 94AE72DC241CE915007BFA26;
			productRefGroup = 94AE72E6241CE915007BFA26 /* Products */;
			projectDirPath = "";
			projectRoot = "";
			targets = (
				94AE72E4241CE915007BFA26 /* TodoList */,
			);
		};
/* End PBXProject section */

/* Begin PBXResourcesBuildPhase section */
		94AE72E3241CE915007BFA26 /* Resources */ = {
			isa = PBXResourcesBuildPhase;
			buildActionMask = 2147483647;
			files = (
				94AE72F8241CE918007BFA26 /* LaunchScreen.storyboard in Resources */,
				94AE72F5241CE918007BFA26 /* Assets.xcassets in Resources */,
			);
			runOnlyForDeploymentPostprocessing = 0;
		};
/* End PBXResourcesBuildPhase section */

/* Begin PBXSourcesBuildPhase section */
		94AE72E1241CE915007BFA26 /* Sources */ = {
			isa = PBXSourcesBuildPhase;
			buildActionMask = 2147483647;
			files = (
				94AE72ED241CE915007BFA26 /* ViewController.swift in Sources */,
				946286F0241F5E9C000082CA /* Date+Extension.swift in Sources */,
				941F46192421473200BCA53C /* AddTaskController.swift in Sources */,
				946286F4241F65E4000082CA /* CloudKitManager.swift in Sources */,
				94AE7304241E8AB9007BFA26 /* TasksTableViewController.swift in Sources */,
				94AE72E9241CE915007BFA26 /* AppDelegate.swift in Sources */,
				94AE72EB241CE915007BFA26 /* SceneDelegate.swift in Sources */,
				94AE7306241E8BBE007BFA26 /* TaskCell.swift in Sources */,
				94AE72F3241CE915007BFA26 /* TodoList.xcdatamodeld in Sources */,
			);
			runOnlyForDeploymentPostprocessing = 0;
		};
/* End PBXSourcesBuildPhase section */

/* Begin PBXVariantGroup section */
		94AE72F6241CE918007BFA26 /* LaunchScreen.storyboard */ = {
			isa = PBXVariantGroup;
			children = (
				94AE72F7241CE918007BFA26 /* Base */,
			);
			name = LaunchScreen.storyboard;
			sourceTree = "<group>";
		};
/* End PBXVariantGroup section */

/* Begin XCBuildConfiguration section */
		94AE72FA241CE918007BFA26 /* Debug */ = {
			isa = XCBuildConfiguration;
			buildSettings = {
				ALWAYS_SEARCH_USER_PATHS = NO;
				CLANG_ANALYZER_NONNULL = YES;
				CLANG_ANALYZER_NUMBER_OBJECT_CONVERSION = YES_AGGRESSIVE;
				CLANG_CXX_LANGUAGE_STANDARD = "gnu++14";
				CLANG_CXX_LIBRARY = "libc++";
				CLANG_ENABLE_MODULES = YES;
				CLANG_ENABLE_OBJC_ARC = YES;
				CLANG_ENABLE_OBJC_WEAK = YES;
				CLANG_WARN_BLOCK_CAPTURE_AUTORELEASING = YES;
				CLANG_WARN_BOOL_CONVERSION = YES;
				CLANG_WARN_COMMA = YES;
				CLANG_WARN_CONSTANT_CONVERSION = YES;
				CLANG_WARN_DEPRECATED_OBJC_IMPLEMENTATIONS = YES;
				CLANG_WARN_DIRECT_OBJC_ISA_USAGE = YES_ERROR;
				CLANG_WARN_DOCUMENTATION_COMMENTS = YES;
				CLANG_WARN_EMPTY_BODY = YES;
				CLANG_WARN_ENUM_CONVERSION = YES;
				CLANG_WARN_INFINITE_RECURSION = YES;
				CLANG_WARN_INT_CONVERSION = YES;
				CLANG_WARN_NON_LITERAL_NULL_CONVERSION = YES;
				CLANG_WARN_OBJC_IMPLICIT_RETAIN_SELF = YES;
				CLANG_WARN_OBJC_LITERAL_CONVERSION = YES;
				CLANG_WARN_OBJC_ROOT_CLASS = YES_ERROR;
				CLANG_WARN_RANGE_LOOP_ANALYSIS = YES;
				CLANG_WARN_STRICT_PROTOTYPES = YES;
				CLANG_WARN_SUSPICIOUS_MOVE = YES;
				CLANG_WARN_UNGUARDED_AVAILABILITY = YES_AGGRESSIVE;
				CLANG_WARN_UNREACHABLE_CODE = YES;
				CLANG_WARN__DUPLICATE_METHOD_MATCH = YES;
				COPY_PHASE_STRIP = NO;
				DEBUG_INFORMATION_FORMAT = dwarf;
				ENABLE_STRICT_OBJC_MSGSEND = YES;
				ENABLE_TESTABILITY = YES;
				GCC_C_LANGUAGE_STANDARD = gnu11;
				GCC_DYNAMIC_NO_PIC = NO;
				GCC_NO_COMMON_BLOCKS = YES;
				GCC_OPTIMIZATION_LEVEL = 0;
				GCC_PREPROCESSOR_DEFINITIONS = (
					"DEBUG=1",
					"$(inherited)",
				);
				GCC_WARN_64_TO_32_BIT_CONVERSION = YES;
				GCC_WARN_ABOUT_RETURN_TYPE = YES_ERROR;
				GCC_WARN_UNDECLARED_SELECTOR = YES;
				GCC_WARN_UNINITIALIZED_AUTOS = YES_AGGRESSIVE;
				GCC_WARN_UNUSED_FUNCTION = YES;
				GCC_WARN_UNUSED_VARIABLE = YES;
				IPHONEOS_DEPLOYMENT_TARGET = 13.2;
				MTL_ENABLE_DEBUG_INFO = INCLUDE_SOURCE;
				MTL_FAST_MATH = YES;
				ONLY_ACTIVE_ARCH = YES;
				SDKROOT = iphoneos;
				SWIFT_ACTIVE_COMPILATION_CONDITIONS = DEBUG;
				SWIFT_OPTIMIZATION_LEVEL = "-Onone";
			};
			name = Debug;
		};
		94AE72FB241CE918007BFA26 /* Release */ = {
			isa = XCBuildConfiguration;
			buildSettings = {
				ALWAYS_SEARCH_USER_PATHS = NO;
				CLANG_ANALYZER_NONNULL = YES;
				CLANG_ANALYZER_NUMBER_OBJECT_CONVERSION = YES_AGGRESSIVE;
				CLANG_CXX_LANGUAGE_STANDARD = "gnu++14";
				CLANG_CXX_LIBRARY = "libc++";
				CLANG_ENABLE_MODULES = YES;
				CLANG_ENABLE_OBJC_ARC = YES;
				CLANG_ENABLE_OBJC_WEAK = YES;
				CLANG_WARN_BLOCK_CAPTURE_AUTORELEASING = YES;
				CLANG_WARN_BOOL_CONVERSION = YES;
				CLANG_WARN_COMMA = YES;
				CLANG_WARN_CONSTANT_CONVERSION = YES;
				CLANG_WARN_DEPRECATED_OBJC_IMPLEMENTATIONS = YES;
				CLANG_WARN_DIRECT_OBJC_ISA_USAGE = YES_ERROR;
				CLANG_WARN_DOCUMENTATION_COMMENTS = YES;
				CLANG_WARN_EMPTY_BODY = YES;
				CLANG_WARN_ENUM_CONVERSION = YES;
				CLANG_WARN_INFINITE_RECURSION = YES;
				CLANG_WARN_INT_CONVERSION = YES;
				CLANG_WARN_NON_LITERAL_NULL_CONVERSION = YES;
				CLANG_WARN_OBJC_IMPLICIT_RETAIN_SELF = YES;
				CLANG_WARN_OBJC_LITERAL_CONVERSION = YES;
				CLANG_WARN_OBJC_ROOT_CLASS = YES_ERROR;
				CLANG_WARN_RANGE_LOOP_ANALYSIS = YES;
				CLANG_WARN_STRICT_PROTOTYPES = YES;
				CLANG_WARN_SUSPICIOUS_MOVE = YES;
				CLANG_WARN_UNGUARDED_AVAILABILITY = YES_AGGRESSIVE;
				CLANG_WARN_UNREACHABLE_CODE = YES;
				CLANG_WARN__DUPLICATE_METHOD_MATCH = YES;
				COPY_PHASE_STRIP = NO;
				DEBUG_INFORMATION_FORMAT = "dwarf-with-dsym";
				ENABLE_NS_ASSERTIONS = NO;
				ENABLE_STRICT_OBJC_MSGSEND = YES;
				GCC_C_LANGUAGE_STANDARD = gnu11;
				GCC_NO_COMMON_BLOCKS = YES;
				GCC_WARN_64_TO_32_BIT_CONVERSION = YES;
				GCC_WARN_ABOUT_RETURN_TYPE = YES_ERROR;
				GCC_WARN_UNDECLARED_SELECTOR = YES;
				GCC_WARN_UNINITIALIZED_AUTOS = YES_AGGRESSIVE;
				GCC_WARN_UNUSED_FUNCTION = YES;
				GCC_WARN_UNUSED_VARIABLE = YES;
				IPHONEOS_DEPLOYMENT_TARGET = 13.2;
				MTL_ENABLE_DEBUG_INFO = NO;
				MTL_FAST_MATH = YES;
				SDKROOT = iphoneos;
				SWIFT_COMPILATION_MODE = wholemodule;
				SWIFT_OPTIMIZATION_LEVEL = "-O";
				VALIDATE_PRODUCT = YES;
			};
			name = Release;
		};
		94AE72FD241CE918007BFA26 /* Debug */ = {
			isa = XCBuildConfiguration;
			buildSettings = {
				ASSETCATALOG_COMPILER_APPICON_NAME = AppIcon;
				CODE_SIGN_ENTITLEMENTS = TodoList/TodoList.entitlements;
				CODE_SIGN_STYLE = Automatic;
				DEVELOPMENT_TEAM = "";
				INFOPLIST_FILE = TodoList/Info.plist;
				IPHONEOS_DEPLOYMENT_TARGET = 13.0;
				LD_RUNPATH_SEARCH_PATHS = (
					"$(inherited)",
					"@executable_path/Frameworks",
				);
				MARKETING_VERSION = 1.2;
				PRODUCT_BUNDLE_IDENTIFIER = "";
				PRODUCT_NAME = "$(TARGET_NAME)";
				SWIFT_VERSION = 5.0;
				TARGETED_DEVICE_FAMILY = "1,2";
			};
			name = Debug;
		};
		94AE72FE241CE918007BFA26 /* Release */ = {
			isa = XCBuildConfiguration;
			buildSettings = {
				ASSETCATALOG_COMPILER_APPICON_NAME = AppIcon;
				CODE_SIGN_ENTITLEMENTS = TodoList/TodoList.entitlements;
				CODE_SIGN_STYLE = Automatic;
				DEVELOPMENT_TEAM = "";
				INFOPLIST_FILE = TodoList/Info.plist;
				IPHONEOS_DEPLOYMENT_TARGET = 13.0;
				LD_RUNPATH_SEARCH_PATHS = (
					"$(inherited)",
					"@executable_path/Frameworks",
				);
				MARKETING_VERSION = 1.2;
				PRODUCT_BUNDLE_IDENTIFIER = "";
				PRODUCT_NAME = "$(TARGET_NAME)";
				SWIFT_VERSION = 5.0;
				TARGETED_DEVICE_FAMILY = "1,2";
			};
			name = Release;
		};
/* End XCBuildConfiguration section */

/* Begin XCConfigurationList section */
		94AE72E0241CE915007BFA26 /* Build configuration list for PBXProject "TodoList" */ = {
			isa = XCConfigurationList;
			buildConfigurations = (
				94AE72FA241CE918007BFA26 /* Debug */,
				94AE72FB241CE918007BFA26 /* Release */,
			);
			defaultConfigurationIsVisible = 0;
			defaultConfigurationName = Release;
		};
		94AE72FC241CE918007BFA26 /* Build configuration list for PBXNativeTarget "TodoList" */ = {
			isa = XCConfigurationList;
			buildConfigurations = (
				94AE72FD241CE918007BFA26 /* Debug */,
				94AE72FE241CE918007BFA26 /* Release */,
			);
			defaultConfigurationIsVisible = 0;
			defaultConfigurationName = Release;
		};
/* End XCConfigurationList section */

/* Begin XCVersionGroup section */
		94AE72F1241CE915007BFA26 /* TodoList.xcdatamodeld */ = {
			isa = XCVersionGroup;
			children = (
				94AE72F2241CE915007BFA26 /* TodoList.xcdatamodel */,
			);
			currentVersion = 94AE72F2241CE915007BFA26 /* TodoList.xcdatamodel */;
			path = TodoList.xcdatamodeld;
			sourceTree = "<group>";
			versionGroupType = wrapper.xcdatamodel;
		};
/* End XCVersionGroup section */
	};
	rootObject = 94AE72DD241CE915007BFA26 /* Project object */;
}
